
Microsoft Visual Studio Solution File, Format Version 12.00
# Visual Studio Version 17
VisualStudioVersion = 17.14.36804.6 d17.14
MinimumVisualStudioVersion = 10.0.40219.1
Project("{FAE04EC0-301F-11D3-BF4B-00C04F79EFBC}") = "VisualStudioLauncher", "VisualStudioLauncher.csproj", "{352657A1-A315-4D74-8B4B-3C62B523D009}"
EndProject
Global
	GlobalSection(SolutionConfigurationPlatforms) = preSolution
		Debug|Any CPU = Debug|Any CPU
		Release|Any CPU = Release|Any CPU
	EndGlobalSection
	GlobalSection(ProjectConfigurationPlatforms) = postSolution
		{352657A1-A315-4D74-8B4B-3C62B523D009}.Debug|Any CPU.ActiveCfg = Debug|Any CPU
		{352657A1-A315-4D74-8B4B-3C62B523D009}.Debug|Any CPU.Build.0 = Debug|Any CPU
		{352657A1-A315-4D74-8B4B-3C62B523D009}.Release|Any CPU.ActiveCfg = Release|Any CPU
		{352657A1-A315-4D74-8B4B-3C62B523D009}.Release|Any CPU.Build.0 = Release|Any CPU
	EndGlobalSection
	GlobalSection(SolutionProperties) = preSolution
		HideSolutionNode = FALSE
	EndGlobalSection
	GlobalSection(ExtensibilityGlobals) = postSolution
		SolutionGuid = {10440295-1157-4856-A623-37ADE08E6B79}
	EndGlobalSection
EndGlobal
